// !$*UTF8*$!
{
	archiveVersion = 1;
	classes = {
	};
	objectVersion = 46;
	objects = {

/* Begin PBXBuildFile section */
		0B0C2BBE1F7215A500BB4BEB /* CameraViewController.m in Sources */ = {isa = PBXBuildFile; fileRef = 0B0C2BBD1F7215A500BB4BEB /* CameraViewController.m */; };
		0B0C2BC21F72E2A400BB4BEB /* AboutViewController.m in Sources */ = {isa = PBXBuildFile; fileRef = 0B0C2BC11F72E2A400BB4BEB /* AboutViewController.m */; };
		0B0C2BC51F73137A00BB4BEB /* IndexViewController.m in Sources */ = {isa = PBXBuildFile; fileRef = 0B0C2BC41F73137A00BB4BEB /* IndexViewController.m */; };
		0B0C2BC71F73145E00BB4BEB /* QRCodeReader.framework in Frameworks */ = {isa = PBXBuildFile; fileRef = 0B0C2BC61F73145E00BB4BEB /* QRCodeReader.framework */; };
		1DC9BA92F05BE49731469564 /* Pods_EasyShare.framework in Frameworks */ = {isa = PBXBuildFile; fileRef = 32E3C769BDC91E69765296A6 /* Pods_EasyShare.framework */; };
		B7797C621DA4713F001511F7 /* AppDelegate.swift in Sources */ = {isa = PBXBuildFile; fileRef = B7797C611DA4713F001511F7 /* AppDelegate.swift */; };
		B7797C641DA4713F001511F7 /* ViewController.swift in Sources */ = {isa = PBXBuildFile; fileRef = B7797C631DA4713F001511F7 /* ViewController.swift */; };
		B7797C671DA4713F001511F7 /* Main.storyboard in Resources */ = {isa = PBXBuildFile; fileRef = B7797C651DA4713F001511F7 /* Main.storyboard */; };
		B7797C691DA4713F001511F7 /* Assets.xcassets in Resources */ = {isa = PBXBuildFile; fileRef = B7797C681DA4713F001511F7 /* Assets.xcassets */; };
		B7797C6C1DA4713F001511F7 /* LaunchScreen.storyboard in Resources */ = {isa = PBXBuildFile; fileRef = B7797C6A1DA4713F001511F7 /* LaunchScreen.storyboard */; };
		B7797C741DA4749D001511F7 /* car.jpg in Resources */ = {isa = PBXBuildFile; fileRef = B7797C731DA4749D001511F7 /* car.jpg */; };
		DC3D5CCA1F70D9140051BE18 /* Smart-City-Intro.png in Resources */ = {isa = PBXBuildFile; fileRef = DC3D5CC91F70D9140051BE18 /* Smart-City-Intro.png */; };
		DC3D5CEE1F7215730051BE18 /* MapKit.framework in Frameworks */ = {isa = PBXBuildFile; fileRef = DC3D5CED1F7215730051BE18 /* MapKit.framework */; };
		DC3D5CF21F721BFA0051BE18 /* MapViewController.swift in Sources */ = {isa = PBXBuildFile; fileRef = DC3D5CF11F721BFA0051BE18 /* MapViewController.swift */; };
		DC3D5CF41F7234010051BE18 /* pine trees.jpg in Resources */ = {isa = PBXBuildFile; fileRef = DC3D5CF31F7234010051BE18 /* pine trees.jpg */; };
/* End PBXBuildFile section */

/* Begin PBXFileReference section */
		0B0C2BBB1F7215A400BB4BEB /* EasyShare-Bridging-Header.h */ = {isa = PBXFileReference; lastKnownFileType = sourcecode.c.h; path = "EasyShare-Bridging-Header.h"; sourceTree = "<group>"; };
		0B0C2BBC1F7215A500BB4BEB /* CameraViewController.h */ = {isa = PBXFileReference; fileEncoding = 4; lastKnownFileType = sourcecode.c.h; path = CameraViewController.h; sourceTree = "<group>"; };
		0B0C2BBD1F7215A500BB4BEB /* CameraViewController.m */ = {isa = PBXFileReference; fileEncoding = 4; lastKnownFileType = sourcecode.c.objc; path = CameraViewController.m; sourceTree = "<group>"; };
		0B0C2BC01F72E2A400BB4BEB /* AboutViewController.h */ = {isa = PBXFileReference; fileEncoding = 4; lastKnownFileType = sourcecode.c.h; path = AboutViewController.h; sourceTree = "<group>"; };
		0B0C2BC11F72E2A400BB4BEB /* AboutViewController.m */ = {isa = PBXFileReference; fileEncoding = 4; lastKnownFileType = sourcecode.c.objc; path = AboutViewController.m; sourceTree = "<group>"; };
		0B0C2BC31F73137A00BB4BEB /* IndexViewController.h */ = {isa = PBXFileReference; fileEncoding = 4; lastKnownFileType = sourcecode.c.h; path = IndexViewController.h; sourceTree = "<group>"; };
		0B0C2BC41F73137A00BB4BEB /* IndexViewController.m */ = {isa = PBXFileReference; fileEncoding = 4; lastKnownFileType = sourcecode.c.objc; path = IndexViewController.m; sourceTree = "<group>"; };
		0B0C2BC61F73145E00BB4BEB /* QRCodeReader.framework */ = {isa = PBXFileReference; lastKnownFileType = wrapper.framework; name = QRCodeReader.framework; path = "../../../../../../Library/Developer/Xcode/DerivedData/SmarTree_2017Summer-durxepyagnzzttcufdpsazglmgnu/Build/Products/Debug-iphonesimulator/QRCodeReader.swift/QRCodeReader.framework"; sourceTree = "<group>"; };
		32E3C769BDC91E69765296A6 /* Pods_EasyShare.framework */ = {isa = PBXFileReference; explicitFileType = wrapper.framework; includeInIndex = 0; path = Pods_EasyShare.framework; sourceTree = BUILT_PRODUCTS_DIR; };
		B7797C5E1DA4713F001511F7 /* EasyShare.app */ = {isa = PBXFileReference; explicitFileType = wrapper.application; includeInIndex = 0; path = EasyShare.app; sourceTree = BUILT_PRODUCTS_DIR; };
		B7797C611DA4713F001511F7 /* AppDelegate.swift */ = {isa = PBXFileReference; lastKnownFileType = sourcecode.swift; path = AppDelegate.swift; sourceTree = "<group>"; };
		B7797C631DA4713F001511F7 /* ViewController.swift */ = {isa = PBXFileReference; lastKnownFileType = sourcecode.swift; path = ViewController.swift; sourceTree = "<group>"; };
		B7797C661DA4713F001511F7 /* Base */ = {isa = PBXFileReference; lastKnownFileType = file.storyboard; name = Base; path = Base.lproj/Main.storyboard; sourceTree = "<group>"; };
		B7797C681DA4713F001511F7 /* Assets.xcassets */ = {isa = PBXFileReference; lastKnownFileType = folder.assetcatalog; path = Assets.xcassets; sourceTree = "<group>"; };
		B7797C6B1DA4713F001511F7 /* Base */ = {isa = PBXFileReference; lastKnownFileType = file.storyboard; name = Base; path = Base.lproj/LaunchScreen.storyboard; sourceTree = "<group>"; };
		B7797C6D1DA4713F001511F7 /* Info.plist */ = {isa = PBXFileReference; lastKnownFileType = text.plist.xml; path = Info.plist; sourceTree = "<group>"; };
		B7797C731DA4749D001511F7 /* car.jpg */ = {isa = PBXFileReference; lastKnownFileType = image.jpeg; path = car.jpg; sourceTree = "<group>"; };
		D7D252D7EB3D2626DBA767F9 /* Pods-EasyShare.release.xcconfig */ = {isa = PBXFileReference; includeInIndex = 1; lastKnownFileType = text.xcconfig; name = "Pods-EasyShare.release.xcconfig"; path = "Pods/Target Support Files/Pods-EasyShare/Pods-EasyShare.release.xcconfig"; sourceTree = "<group>"; };
		DC3D5CC91F70D9140051BE18 /* Smart-City-Intro.png */ = {isa = PBXFileReference; lastKnownFileType = image.png; path = "Smart-City-Intro.png"; sourceTree = "<group>"; };
		DC3D5CED1F7215730051BE18 /* MapKit.framework */ = {isa = PBXFileReference; lastKnownFileType = wrapper.framework; name = MapKit.framework; path = System/Library/Frameworks/MapKit.framework; sourceTree = SDKROOT; };
		DC3D5CF11F721BFA0051BE18 /* MapViewController.swift */ = {isa = PBXFileReference; fileEncoding = 4; lastKnownFileType = sourcecode.swift; path = MapViewController.swift; sourceTree = "<group>"; };
		DC3D5CF31F7234010051BE18 /* pine trees.jpg */ = {isa = PBXFileReference; lastKnownFileType = image.jpeg; path = "pine trees.jpg"; sourceTree = "<group>"; };
		F34F7B5EC5BBE59B0820A686 /* Pods-EasyShare.debug.xcconfig */ = {isa = PBXFileReference; includeInIndex = 1; lastKnownFileType = text.xcconfig; name = "Pods-EasyShare.debug.xcconfig"; path = "Pods/Target Support Files/Pods-EasyShare/Pods-EasyShare.debug.xcconfig"; sourceTree = "<group>"; };
/* End PBXFileReference section */

/* Begin PBXFrameworksBuildPhase section */
		B7797C5B1DA4713F001511F7 /* Frameworks */ = {
			isa = PBXFrameworksBuildPhase;
			buildActionMask = 2147483647;
			files = (
				0B0C2BC71F73145E00BB4BEB /* QRCodeReader.framework in Frameworks */,
				DC3D5CEE1F7215730051BE18 /* MapKit.framework in Frameworks */,
				1DC9BA92F05BE49731469564 /* Pods_EasyShare.framework in Frameworks */,
			);
			runOnlyForDeploymentPostprocessing = 0;
		};
/* End PBXFrameworksBuildPhase section */

/* Begin PBXGroup section */
		B7797C551DA4713F001511F7 = {
			isa = PBXGroup;
			children = (
				B7797C601DA4713F001511F7 /* EasyShare */,
				B7797C5F1DA4713F001511F7 /* Products */,
				DC3D5CEC1F7215730051BE18 /* Frameworks */,
				E9A7D59B0FDE2AB4CB382D39 /* Pods */,
			);
			sourceTree = "<group>";
		};
		B7797C5F1DA4713F001511F7 /* Products */ = {
			isa = PBXGroup;
			children = (
				B7797C5E1DA4713F001511F7 /* EasyShare.app */,
			);
			name = Products;
			sourceTree = "<group>";
		};
		B7797C601DA4713F001511F7 /* EasyShare */ = {
			isa = PBXGroup;
			children = (
				B7797C611DA4713F001511F7 /* AppDelegate.swift */,
				B7797C631DA4713F001511F7 /* ViewController.swift */,
				B7797C651DA4713F001511F7 /* Main.storyboard */,
				B7797C681DA4713F001511F7 /* Assets.xcassets */,
				DC3D5CC91F70D9140051BE18 /* Smart-City-Intro.png */,
				DC3D5CF31F7234010051BE18 /* pine trees.jpg */,
				B7797C731DA4749D001511F7 /* car.jpg */,
				B7797C6A1DA4713F001511F7 /* LaunchScreen.storyboard */,
				B7797C6D1DA4713F001511F7 /* Info.plist */,
				0B0C2BBC1F7215A500BB4BEB /* CameraViewController.h */,
				0B0C2BBD1F7215A500BB4BEB /* CameraViewController.m */,
				0B0C2BBB1F7215A400BB4BEB /* EasyShare-Bridging-Header.h */,
				DC3D5CF11F721BFA0051BE18 /* MapViewController.swift */,
				0B0C2BC01F72E2A400BB4BEB /* AboutViewController.h */,
				0B0C2BC11F72E2A400BB4BEB /* AboutViewController.m */,
				0B0C2BC31F73137A00BB4BEB /* IndexViewController.h */,
				0B0C2BC41F73137A00BB4BEB /* IndexViewController.m */,
			);
			path = EasyShare;
			sourceTree = "<group>";
		};
		DC3D5CEC1F7215730051BE18 /* Frameworks */ = {
			isa = PBXGroup;
			children = (
				0B0C2BC61F73145E00BB4BEB /* QRCodeReader.framework */,
				DC3D5CED1F7215730051BE18 /* MapKit.framework */,
				32E3C769BDC91E69765296A6 /* Pods_EasyShare.framework */,
			);
			name = Frameworks;
			sourceTree = "<group>";
		};
		E9A7D59B0FDE2AB4CB382D39 /* Pods */ = {
			isa = PBXGroup;
			children = (
				F34F7B5EC5BBE59B0820A686 /* Pods-EasyShare.debug.xcconfig */,
				D7D252D7EB3D2626DBA767F9 /* Pods-EasyShare.release.xcconfig */,
			);
			name = Pods;
			sourceTree = "<group>";
		};
/* End PBXGroup section */

/* Begin PBXNativeTarget section */
		B7797C5D1DA4713F001511F7 /* EasyShare */ = {
			isa = PBXNativeTarget;
			buildConfigurationList = B7797C701DA4713F001511F7 /* Build configuration list for PBXNativeTarget "EasyShare" */;
			buildPhases = (
				85F973B9F7F6D042113A5510 /* [CP] Check Pods Manifest.lock */,
				B7797C5A1DA4713F001511F7 /* Sources */,
				B7797C5B1DA4713F001511F7 /* Frameworks */,
				B7797C5C1DA4713F001511F7 /* Resources */,
				6B07B5C4C9CD5DEFCE5798E0 /* [CP] Embed Pods Frameworks */,
				DAFE4618213FECDA56BF231B /* [CP] Copy Pods Resources */,
			);
			buildRules = (
			);
			dependencies = (
			);
			name = EasyShare;
			productName = EasyShare;
			productReference = B7797C5E1DA4713F001511F7 /* EasyShare.app */;
			productType = "com.apple.product-type.application";
		};
/* End PBXNativeTarget section */

/* Begin PBXProject section */
		B7797C561DA4713F001511F7 /* Project object */ = {
			isa = PBXProject;
			attributes = {
				LastSwiftUpdateCheck = 0800;
				LastUpgradeCheck = 0830;
				ORGANIZATIONNAME = Appkoder;
				TargetAttributes = {
					B7797C5D1DA4713F001511F7 = {
						CreatedOnToolsVersion = 8.0;
						DevelopmentTeam = CE62RG892N;
						LastSwiftMigration = 0830;
						ProvisioningStyle = Automatic;
						SystemCapabilities = {
							com.apple.Maps.iOS = {
								enabled = 1;
							};
						};
					};
				};
			};
			buildConfigurationList = B7797C591DA4713F001511F7 /* Build configuration list for PBXProject "SmarTree_2017Summer" */;
			compatibilityVersion = "Xcode 3.2";
			developmentRegion = English;
			hasScannedForEncodings = 0;
			knownRegions = (
				en,
				Base,
			);
			mainGroup = B7797C551DA4713F001511F7;
			productRefGroup = B7797C5F1DA4713F001511F7 /* Products */;
			projectDirPath = "";
			projectRoot = "";
			targets = (
				B7797C5D1DA4713F001511F7 /* EasyShare */,
			);
		};
/* End PBXProject section */

/* Begin PBXResourcesBuildPhase section */
		B7797C5C1DA4713F001511F7 /* Resources */ = {
			isa = PBXResourcesBuildPhase;
			buildActionMask = 2147483647;
			files = (
				DC3D5CCA1F70D9140051BE18 /* Smart-City-Intro.png in Resources */,
				B7797C6C1DA4713F001511F7 /* LaunchScreen.storyboard in Resources */,
				DC3D5CF41F7234010051BE18 /* pine trees.jpg in Resources */,
				B7797C691DA4713F001511F7 /* Assets.xcassets in Resources */,
				B7797C671DA4713F001511F7 /* Main.storyboard in Resources */,
				B7797C741DA4749D001511F7 /* car.jpg in Resources */,
			);
			runOnlyForDeploymentPostprocessing = 0;
		};
/* End PBXResourcesBuildPhase section */

/* Begin PBXShellScriptBuildPhase section */
		6B07B5C4C9CD5DEFCE5798E0 /* [CP] Embed Pods Frameworks */ = {
			isa = PBXShellScriptBuildPhase;
			buildActionMask = 2147483647;
			files = (
			);
			inputPaths = (
			);
			name = "[CP] Embed Pods Frameworks";
			outputPaths = (
			);
			runOnlyForDeploymentPostprocessing = 0;
			shellPath = /bin/sh;
			shellScript = "\"${SRCROOT}/Pods/Target Support Files/Pods-EasyShare/Pods-EasyShare-frameworks.sh\"\n";
			showEnvVarsInLog = 0;
		};
		85F973B9F7F6D042113A5510 /* [CP] Check Pods Manifest.lock */ = {
			isa = PBXShellScriptBuildPhase;
			buildActionMask = 2147483647;
			files = (
			);
			inputPaths = (
			);
			name = "[CP] Check Pods Manifest.lock";
			outputPaths = (
			);
			runOnlyForDeploymentPostprocessing = 0;
			shellPath = /bin/sh;
			shellScript = "diff \"${PODS_PODFILE_DIR_PATH}/Podfile.lock\" \"${PODS_ROOT}/Manifest.lock\" > /dev/null\nif [ $? != 0 ] ; then\n    # print error to STDERR\n    echo \"error: The sandbox is not in sync with the Podfile.lock. Run 'pod install' or update your CocoaPods installation.\" >&2\n    exit 1\nfi\n";
			showEnvVarsInLog = 0;
		};
		DAFE4618213FECDA56BF231B /* [CP] Copy Pods Resources */ = {
			isa = PBXShellScriptBuildPhase;
			buildActionMask = 2147483647;
			files = (
			);
			inputPaths = (
			);
			name = "[CP] Copy Pods Resources";
			outputPaths = (
			);
			runOnlyForDeploymentPostprocessing = 0;
			shellPath = /bin/sh;
			shellScript = "\"${SRCROOT}/Pods/Target Support Files/Pods-EasyShare/Pods-EasyShare-resources.sh\"\n";
			showEnvVarsInLog = 0;
		};
/* End PBXShellScriptBuildPhase section */

/* Begin PBXSourcesBuildPhase section */
		B7797C5A1DA4713F001511F7 /* Sources */ = {
			isa = PBXSourcesBuildPhase;
			buildActionMask = 2147483647;
			files = (
				0B0C2BBE1F7215A500BB4BEB /* CameraViewController.m in Sources */,
				0B0C2BC21F72E2A400BB4BEB /* AboutViewController.m in Sources */,
				B7797C641DA4713F001511F7 /* ViewController.swift in Sources */,
				DC3D5CF21F721BFA0051BE18 /* MapViewController.swift in Sources */,
				B7797C621DA4713F001511F7 /* AppDelegate.swift in Sources */,
				0B0C2BC51F73137A00BB4BEB /* IndexViewController.m in Sources */,
			);
			runOnlyForDeploymentPostprocessing = 0;
		};
/* End PBXSourcesBuildPhase section */

/* Begin PBXVariantGroup section */
		B7797C651DA4713F001511F7 /* Main.storyboard */ = {
			isa = PBXVariantGroup;
			children = (
				B7797C661DA4713F001511F7 /* Base */,
			);
			name = Main.storyboard;
			sourceTree = "<group>";
		};
		B7797C6A1DA4713F001511F7 /* LaunchScreen.storyboard */ = {
			isa = PBXVariantGroup;
			children = (
				B7797C6B1DA4713F001511F7 /* Base */,
			);
			name = LaunchScreen.storyboard;
			sourceTree = "<group>";
		};
/* End PBXVariantGroup section */

/* Begin XCBuildConfiguration section */
		B7797C6E1DA4713F001511F7 /* Debug */ = {
			isa = XCBuildConfiguration;
			buildSettings = {
				ALWAYS_SEARCH_USER_PATHS = NO;
				CLANG_ANALYZER_NONNULL = YES;
				CLANG_CXX_LANGUAGE_STANDARD = "gnu++0x";
				CLANG_CXX_LIBRARY = "libc++";
				CLANG_ENABLE_MODULES = YES;
				CLANG_ENABLE_OBJC_ARC = YES;
				CLANG_WARN_BOOL_CONVERSION = YES;
				CLANG_WARN_CONSTANT_CONVERSION = YES;
				CLANG_WARN_DIRECT_OBJC_ISA_USAGE = YES_ERROR;
				CLANG_WARN_DOCUMENTATION_COMMENTS = YES;
				CLANG_WARN_EMPTY_BODY = YES;
				CLANG_WARN_ENUM_CONVERSION = YES;
				CLANG_WARN_INFINITE_RECURSION = YES;
				CLANG_WARN_INT_CONVERSION = YES;
				CLANG_WARN_OBJC_ROOT_CLASS = YES_ERROR;
				CLANG_WARN_SUSPICIOUS_MOVE = YES;
				CLANG_WARN_SUSPICIOUS_MOVES = YES;
				CLANG_WARN_UNREACHABLE_CODE = YES;
				CLANG_WARN__DUPLICATE_METHOD_MATCH = YES;
				"CODE_SIGN_IDENTITY[sdk=iphoneos*]" = "iPhone Developer";
				COPY_PHASE_STRIP = NO;
				DEBUG_INFORMATION_FORMAT = dwarf;
				ENABLE_STRICT_OBJC_MSGSEND = YES;
				ENABLE_TESTABILITY = YES;
				GCC_C_LANGUAGE_STANDARD = gnu99;
				GCC_DYNAMIC_NO_PIC = NO;
				GCC_NO_COMMON_BLOCKS = YES;
				GCC_OPTIMIZATION_LEVEL = 0;
				GCC_PREPROCESSOR_DEFINITIONS = (
					"DEBUG=1",
					"$(inherited)",
				);
				GCC_WARN_64_TO_32_BIT_CONVERSION = YES;
				GCC_WARN_ABOUT_RETURN_TYPE = YES_ERROR;
				GCC_WARN_UNDECLARED_SELECTOR = YES;
				GCC_WARN_UNINITIALIZED_AUTOS = YES_AGGRESSIVE;
				GCC_WARN_UNUSED_FUNCTION = YES;
				GCC_WARN_UNUSED_VARIABLE = YES;
				IPHONEOS_DEPLOYMENT_TARGET = 10.0;
				MTL_ENABLE_DEBUG_INFO = YES;
				ONLY_ACTIVE_ARCH = YES;
				SDKROOT = iphoneos;
				SWIFT_ACTIVE_COMPILATION_CONDITIONS = DEBUG;
				SWIFT_OPTIMIZATION_LEVEL = "-Onone";
			};
			name = Debug;
		};
		B7797C6F1DA4713F001511F7 /* Release */ = {
			isa = XCBuildConfiguration;
			buildSettings = {
				ALWAYS_SEARCH_USER_PATHS = NO;
				CLANG_ANALYZER_NONNULL = YES;
				CLANG_CXX_LANGUAGE_STANDARD = "gnu++0x";
				CLANG_CXX_LIBRARY = "libc++";
				CLANG_ENABLE_MODULES = YES;
				CLANG_ENABLE_OBJC_ARC = YES;
				CLANG_WARN_BOOL_CONVERSION = YES;
				CLANG_WARN_CONSTANT_CONVERSION = YES;
				CLANG_WARN_DIRECT_OBJC_ISA_USAGE = YES_ERROR;
				CLANG_WARN_DOCUMENTATION_COMMENTS = YES;
				CLANG_WARN_EMPTY_BODY = YES;
				CLANG_WARN_ENUM_CONVERSION = YES;
				CLANG_WARN_INFINITE_RECURSION = YES;
				CLANG_WARN_INT_CONVERSION = YES;
				CLANG_WARN_OBJC_ROOT_CLASS = YES_ERROR;
				CLANG_WARN_SUSPICIOUS_MOVE = YES;
				CLANG_WARN_SUSPICIOUS_MOVES = YES;
				CLANG_WARN_UNREACHABLE_CODE = YES;
				CLANG_WARN__DUPLICATE_METHOD_MATCH = YES;
				"CODE_SIGN_IDENTITY[sdk=iphoneos*]" = "iPhone Developer";
				COPY_PHASE_STRIP = NO;
				DEBUG_INFORMATION_FORMAT = "dwarf-with-dsym";
				ENABLE_NS_ASSERTIONS = NO;
				ENABLE_STRICT_OBJC_MSGSEND = YES;
				GCC_C_LANGUAGE_STANDARD = gnu99;
				GCC_NO_COMMON_BLOCKS = YES;
				GCC_WARN_64_TO_32_BIT_CONVERSION = YES;
				GCC_WARN_ABOUT_RETURN_TYPE = YES_ERROR;
				GCC_WARN_UNDECLARED_SELECTOR = YES;
				GCC_WARN_UNINITIALIZED_AUTOS = YES_AGGRESSIVE;
				GCC_WARN_UNUSED_FUNCTION = YES;
				GCC_WARN_UNUSED_VARIABLE = YES;
				IPHONEOS_DEPLOYMENT_TARGET = 10.0;
				MTL_ENABLE_DEBUG_INFO = NO;
				SDKROOT = iphoneos;
				SWIFT_OPTIMIZATION_LEVEL = "-Owholemodule";
				VALIDATE_PRODUCT = YES;
			};
			name = Release;
		};
		B7797C711DA4713F001511F7 /* Debug */ = {
			isa = XCBuildConfiguration;
			baseConfigurationReference = F34F7B5EC5BBE59B0820A686 /* Pods-EasyShare.debug.xcconfig */;
			buildSettings = {
				ASSETCATALOG_COMPILER_APPICON_NAME = AppIcon;
				CLANG_ENABLE_MODULES = YES;
				DEVELOPMENT_TEAM = CE62RG892N;
				INFOPLIST_FILE = EasyShare/Info.plist;
				LD_RUNPATH_SEARCH_PATHS = "$(inherited) @executable_path/Frameworks";
				PRODUCT_BUNDLE_IDENTIFIER = net.Apptimist.EasyShare;
				PRODUCT_NAME = "$(TARGET_NAME)";
				SWIFT_OBJC_BRIDGING_HEADER = "EasyShare/EasyShare-Bridging-Header.h";
				SWIFT_OPTIMIZATION_LEVEL = "-Onone";
				SWIFT_VERSION = 3.0;
				TARGETED_DEVICE_FAMILY = "1,2";
			};
			name = Debug;
		};
		B7797C721DA4713F001511F7 /* Release */ = {
			isa = XCBuildConfiguration;
			baseConfigurationReference = D7D252D7EB3D2626DBA767F9 /* Pods-EasyShare.release.xcconfig */;
			buildSettings = {
				ASSETCATALOG_COMPILER_APPICON_NAME = AppIcon;
				CLANG_ENABLE_MODULES = YES;
				DEVELOPMENT_TEAM = CE62RG892N;
				INFOPLIST_FILE = EasyShare/Info.plist;
				LD_RUNPATH_SEARCH_PATHS = "$(inherited) @executable_path/Frameworks";
				PRODUCT_BUNDLE_IDENTIFIER = net.Apptimist.EasyShare;
				PRODUCT_NAME = "$(TARGET_NAME)";
				SWIFT_OBJC_BRIDGING_HEADER = "EasyShare/EasyShare-Bridging-Header.h";
				SWIFT_VERSION = 3.0;
				TARGETED_DEVICE_FAMILY = "1,2";
			};
			name = Release;
		};
/* End XCBuildConfiguration section */

/* Begin XCConfigurationList section */
		B7797C591DA4713F001511F7 /* Build configuration list for PBXProject "SmarTree_2017Summer" */ = {
			isa = XCConfigurationList;
			buildConfigurations = (
				B7797C6E1DA4713F001511F7 /* Debug */,
				B7797C6F1DA4713F001511F7 /* Release */,
			);
			defaultConfigurationIsVisible = 0;
			defaultConfigurationName = Release;
		};
		B7797C701DA4713F001511F7 /* Build configuration list for PBXNativeTarget "EasyShare" */ = {
			isa = XCConfigurationList;
			buildConfigurations = (
				B7797C711DA4713F001511F7 /* Debug */,
				B7797C721DA4713F001511F7 /* Release */,
			);
			defaultConfigurationIsVisible = 0;
			defaultConfigurationName = Release;
		};
/* End XCConfigurationList section */
	};
	rootObject = B7797C561DA4713F001511F7 /* Project object */;
}
